
Microsoft Visual Studio Solution File, Format Version 12.00
# Visual Studio Version 17
VisualStudioVersion = 17.5.33424.131
MinimumVisualStudioVersion = 10.0.40219.1
Project("{FAE04EC0-301F-11D3-BF4B-00C04F79EFBC}") = "SimpleGit", "SimpleGit\SimpleGit.csproj", "{F34CAA76-4B6C-4588-8A65-90C2D8130797}"
EndProject
Global
	GlobalSection(SolutionConfigurationPlatforms) = preSolution
		Debug|Any CPU = Debug|Any CPU
		Release|Any CPU = Release|Any CPU
	EndGlobalSection
	GlobalSection(ProjectConfigurationPlatforms) = postSolution
		{F34CAA76-4B6C-4588-8A65-90C2D8130797}.Debug|Any CPU.ActiveCfg = Debug|Any CPU
		{F34CAA76-4B6C-4588-8A65-90C2D8130797}.Debug|Any CPU.Build.0 = Debug|Any CPU
		{F34CAA76-4B6C-4588-8A65-90C2D8130797}.Release|Any CPU.ActiveCfg = Release|Any CPU
		{F34CAA76-4B6C-4588-8A65-90C2D8130797}.Release|Any CPU.Build.0 = Release|Any CPU
	EndGlobalSection
	GlobalSection(SolutionProperties) = preSolution
		HideSolutionNode = FALSE
	EndGlobalSection
	GlobalSection(ExtensibilityGlobals) = postSolution
		SolutionGuid = {BB9F15B6-9AEB-48A0-83BA-7D6C15C49CC8}
	EndGlobalSection
EndGlobal
